{
    "version": 3,
    "terraform_version": "0.11.13",
    "serial": 2,
    "lineage": "94ad5679-4cd1-6f7b-f4dd-4028a02791a4",
    "modules": [
        {
            "path": [
                "root"
            ],
            "outputs": {
                "default_route_table_id": {
                    "sensitive": false,
                    "type": "list",
                    "value": [
                        "rtb-0d51b4bcca1ce4c5d"
                    ]
                },
                "igw_id": {
                    "sensitive": false,
                    "type": "list",
                    "value": [
                        "igw-01217a0796ae1cf25"
                    ]
                },
                "jump_public_subnets": {
                    "sensitive": false,
                    "type": "list",
                    "value": [
                        "subnet-0939d09dd7f605157"
                    ]
                },
                "jump_public_subnets_cidr_blocks": {
                    "sensitive": false,
                    "type": "list",
                    "value": [
                        "10.0.1.0/24"
                    ]
                },
                "jump_server_ip": {
                    "sensitive": false,
                    "type": "list",
                    "value": [
                        "13.232.50.107"
                    ]
                },
                "nat_ids": {
                    "sensitive": false,
                    "type": "list",
                    "value": [
                        "eipalloc-0c41173e886fc816c"
                    ]
                },
                "nat_public_ips": {
                    "sensitive": false,
                    "type": "list",
                    "value": [
                        "13.235.10.119"
                    ]
                },
                "natgw_ids": {
                    "sensitive": false,
                    "type": "list",
                    "value": [
                        "nat-01c80f8b508519139"
                    ]
                },
                "security_group_id": {
                    "sensitive": false,
                    "type": "list",
                    "value": [
                        "sg-03b16b0c54cbe2c96"
                    ]
                },
                "vpc_cidr_block": {
                    "sensitive": false,
                    "type": "list",
                    "value": [
                        "10.0.0.0/16"
                    ]
                },
                "vpc_id": {
                    "sensitive": false,
                    "type": "list",
                    "value": [
                        "vpc-0966aeb826c8bd14b"
                    ]
                },
                "web_private_subnets": {
                    "sensitive": false,
                    "type": "list",
                    "value": [
                        "subnet-037a885c221914540"
                    ]
                },
                "web_private_subnets_cidr_blocks": {
                    "sensitive": false,
                    "type": "list",
                    "value": [
                        "10.0.2.0/24"
                    ]
                }
            },
            "resources": {
                "aws_autoscaling_attachment.asg_attachment_bar_web": {
                    "type": "aws_autoscaling_attachment",
                    "depends_on": [
                        "aws_autoscaling_group.auth-poc-autoscaling-web",
                        "aws_elb.my-elb-web"
                    ],
                    "primary": {
                        "id": "auth-poc-autoscaling-web-20191028194655166500000002",
                        "attributes": {
                            "autoscaling_group_name": "auth-poc-autoscaling-web",
                            "elb": "my-elb-web",
                            "id": "auth-poc-autoscaling-web-20191028194655166500000002"
                        },
                        "meta": {},
                        "tainted": false
                    },
                    "deposed": [],
                    "provider": "provider.aws"
                },
                "aws_autoscaling_group.auth-poc-autoscaling-web": {
                    "type": "aws_autoscaling_group",
                    "depends_on": [
                        "aws_launch_configuration.auth-poc-launchconfig-web",
                        "aws_subnet.auth-poc-private"
                    ],
                    "primary": {
                        "id": "auth-poc-autoscaling-web",
                        "attributes": {
                            "arn": "arn:aws:autoscaling:ap-south-1:691037112994:autoScalingGroup:152d8ac4-f1ba-450b-b976-d2efef3785a8:autoScalingGroupName/auth-poc-autoscaling-web",
                            "availability_zones.#": "1",
                            "availability_zones.1163474009": "ap-south-1a",
                            "default_cooldown": "300",
                            "desired_capacity": "2",
                            "enabled_metrics.#": "0",
                            "force_delete": "true",
                            "health_check_grace_period": "300",
                            "health_check_type": "EC2",
                            "id": "auth-poc-autoscaling-web",
                            "launch_configuration": "auth-poc-launchconfig-web20191028194606933500000001",
                            "launch_template.#": "0",
                            "load_balancers.#": "0",
                            "max_size": "4",
                            "metrics_granularity": "1Minute",
                            "min_size": "2",
                            "mixed_instances_policy.#": "0",
                            "name": "auth-poc-autoscaling-web",
                            "placement_group": "",
                            "protect_from_scale_in": "false",
                            "service_linked_role_arn": "arn:aws:iam::691037112994:role/aws-service-role/autoscaling.amazonaws.com/AWSServiceRoleForAutoScaling",
                            "suspended_processes.#": "0",
                            "tag.#": "1",
                            "tag.308848404.key": "Name",
                            "tag.308848404.propagate_at_launch": "true",
                            "tag.308848404.value": "web-001",
                            "target_group_arns.#": "0",
                            "termination_policies.#": "0",
                            "vpc_zone_identifier.#": "1",
                            "vpc_zone_identifier.463455721": "subnet-037a885c221914540",
                            "wait_for_capacity_timeout": "10m"
                        },
                        "meta": {
                            "e2bfb730-ecaa-11e6-8f88-34363bc7c4c0": {
                                "delete": 600000000000
                            }
                        },
                        "tainted": false
                    },
                    "deposed": [],
                    "provider": "provider.aws"
                },
                "aws_autoscaling_policy.cpu-policy-scaledown-web": {
                    "type": "aws_autoscaling_policy",
                    "depends_on": [
                        "aws_autoscaling_group.auth-poc-autoscaling-web"
                    ],
                    "primary": {
                        "id": "cpu-policy-scaledown-web",
                        "attributes": {
                            "adjustment_type": "ChangeInCapacity",
                            "arn": "arn:aws:autoscaling:ap-south-1:691037112994:scalingPolicy:fb5526cb-bef6-49d3-a5e9-3ac195999cf1:autoScalingGroupName/auth-poc-autoscaling-web:policyName/cpu-policy-scaledown-web",
                            "autoscaling_group_name": "auth-poc-autoscaling-web",
                            "cooldown": "300",
                            "estimated_instance_warmup": "0",
                            "id": "cpu-policy-scaledown-web",
                            "metric_aggregation_type": "",
                            "name": "cpu-policy-scaledown-web",
                            "policy_type": "SimpleScaling",
                            "scaling_adjustment": "-1",
                            "step_adjustment.#": "0",
                            "target_tracking_configuration.#": "0"
                        },
                        "meta": {},
                        "tainted": false
                    },
                    "deposed": [],
                    "provider": "provider.aws"
                },
                "aws_autoscaling_policy.cpu-policy-web": {
                    "type": "aws_autoscaling_policy",
                    "depends_on": [
                        "aws_autoscaling_group.auth-poc-autoscaling-web"
                    ],
                    "primary": {
                        "id": "cpu-policy-web",
                        "attributes": {
                            "adjustment_type": "ChangeInCapacity",
                            "arn": "arn:aws:autoscaling:ap-south-1:691037112994:scalingPolicy:8c8d5970-cea5-4169-b1df-8adf5ad5cab1:autoScalingGroupName/auth-poc-autoscaling-web:policyName/cpu-policy-web",
                            "autoscaling_group_name": "auth-poc-autoscaling-web",
                            "cooldown": "300",
                            "estimated_instance_warmup": "0",
                            "id": "cpu-policy-web",
                            "metric_aggregation_type": "",
                            "name": "cpu-policy-web",
                            "policy_type": "SimpleScaling",
                            "scaling_adjustment": "1",
                            "step_adjustment.#": "0",
                            "target_tracking_configuration.#": "0"
                        },
                        "meta": {},
                        "tainted": false
                    },
                    "deposed": [],
                    "provider": "provider.aws"
                },
                "aws_cloudwatch_metric_alarm.cpu-alarm-scaledown-web": {
                    "type": "aws_cloudwatch_metric_alarm",
                    "depends_on": [
                        "aws_autoscaling_group.auth-poc-autoscaling-web",
                        "aws_autoscaling_policy.cpu-policy-scaledown-web"
                    ],
                    "primary": {
                        "id": "cpu-alarm-scaledown-web",
                        "attributes": {
                            "actions_enabled": "true",
                            "alarm_actions.#": "1",
                            "alarm_actions.1507874503": "arn:aws:autoscaling:ap-south-1:691037112994:scalingPolicy:fb5526cb-bef6-49d3-a5e9-3ac195999cf1:autoScalingGroupName/auth-poc-autoscaling-web:policyName/cpu-policy-scaledown-web",
                            "alarm_description": "cpu-alarm-scaledown-web",
                            "alarm_name": "cpu-alarm-scaledown-web",
                            "arn": "arn:aws:cloudwatch:ap-south-1:691037112994:alarm:cpu-alarm-scaledown-web",
                            "comparison_operator": "LessThanOrEqualToThreshold",
                            "datapoints_to_alarm": "0",
                            "dimensions.%": "1",
                            "dimensions.AutoScalingGroupName": "auth-poc-autoscaling-web",
                            "evaluate_low_sample_count_percentiles": "",
                            "evaluation_periods": "2",
                            "extended_statistic": "",
                            "id": "cpu-alarm-scaledown-web",
                            "insufficient_data_actions.#": "0",
                            "metric_name": "CPUUtilization",
                            "namespace": "AWS/EC2",
                            "ok_actions.#": "0",
                            "period": "120",
                            "statistic": "Average",
                            "tags.%": "0",
                            "threshold": "20",
                            "treat_missing_data": "missing",
                            "unit": ""
                        },
                        "meta": {
                            "schema_version": "1"
                        },
                        "tainted": false
                    },
                    "deposed": [],
                    "provider": "provider.aws"
                },
                "aws_cloudwatch_metric_alarm.cpu-alarm-web": {
                    "type": "aws_cloudwatch_metric_alarm",
                    "depends_on": [
                        "aws_autoscaling_group.auth-poc-autoscaling-web",
                        "aws_autoscaling_policy.cpu-policy-web"
                    ],
                    "primary": {
                        "id": "cpu-alarm-web",
                        "attributes": {
                            "actions_enabled": "true",
                            "alarm_actions.#": "1",
                            "alarm_actions.2402790971": "arn:aws:autoscaling:ap-south-1:691037112994:scalingPolicy:8c8d5970-cea5-4169-b1df-8adf5ad5cab1:autoScalingGroupName/auth-poc-autoscaling-web:policyName/cpu-policy-web",
                            "alarm_description": "cpu-alarm-web",
                            "alarm_name": "cpu-alarm-web",
                            "arn": "arn:aws:cloudwatch:ap-south-1:691037112994:alarm:cpu-alarm-web",
                            "comparison_operator": "GreaterThanOrEqualToThreshold",
                            "datapoints_to_alarm": "0",
                            "dimensions.%": "1",
                            "dimensions.AutoScalingGroupName": "auth-poc-autoscaling-web",
                            "evaluate_low_sample_count_percentiles": "",
                            "evaluation_periods": "2",
                            "extended_statistic": "",
                            "id": "cpu-alarm-web",
                            "insufficient_data_actions.#": "0",
                            "metric_name": "CPUUtilization",
                            "namespace": "AWS/EC2",
                            "ok_actions.#": "0",
                            "period": "120",
                            "statistic": "Average",
                            "tags.%": "0",
                            "threshold": "30",
                            "treat_missing_data": "missing",
                            "unit": ""
                        },
                        "meta": {
                            "schema_version": "1"
                        },
                        "tainted": false
                    },
                    "deposed": [],
                    "provider": "provider.aws"
                },
                "aws_eip.auth-poc-nat": {
                    "type": "aws_eip",
                    "depends_on": [],
                    "primary": {
                        "id": "eipalloc-0c41173e886fc816c",
                        "attributes": {
                            "association_id": "",
                            "domain": "vpc",
                            "id": "eipalloc-0c41173e886fc816c",
                            "instance": "",
                            "network_interface": "",
                            "private_ip": "",
                            "public_dns": "ec2-13-235-10-119.ap-south-1.compute.amazonaws.com",
                            "public_ip": "13.235.10.119",
                            "public_ipv4_pool": "amazon",
                            "tags.%": "0",
                            "vpc": "true"
                        },
                        "meta": {
                            "e2bfb730-ecaa-11e6-8f88-34363bc7c4c0": {
                                "delete": 180000000000,
                                "read": 900000000000,
                                "update": 300000000000
                            }
                        },
                        "tainted": false
                    },
                    "deposed": [],
                    "provider": "provider.aws"
                },
                "aws_elb.my-elb-web": {
                    "type": "aws_elb",
                    "depends_on": [
                        "aws_security_group.allow-ssh",
                        "aws_subnet.auth-poc-private"
                    ],
                    "primary": {
                        "id": "my-elb-web",
                        "attributes": {
                            "access_logs.#": "0",
                            "arn": "arn:aws:elasticloadbalancing:ap-south-1:691037112994:loadbalancer/my-elb-web",
                            "availability_zones.#": "1",
                            "availability_zones.1163474009": "ap-south-1a",
                            "connection_draining": "true",
                            "connection_draining_timeout": "400",
                            "cross_zone_load_balancing": "true",
                            "dns_name": "my-elb-web-1337154585.ap-south-1.elb.amazonaws.com",
                            "health_check.#": "1",
                            "health_check.0.healthy_threshold": "2",
                            "health_check.0.interval": "30",
                            "health_check.0.target": "HTTP:80/",
                            "health_check.0.timeout": "3",
                            "health_check.0.unhealthy_threshold": "2",
                            "id": "my-elb-web",
                            "idle_timeout": "60",
                            "instances.#": "0",
                            "internal": "false",
                            "listener.#": "1",
                            "listener.3057123346.instance_port": "80",
                            "listener.3057123346.instance_protocol": "http",
                            "listener.3057123346.lb_port": "80",
                            "listener.3057123346.lb_protocol": "http",
                            "listener.3057123346.ssl_certificate_id": "",
                            "name": "my-elb-web",
                            "security_groups.#": "1",
                            "security_groups.3069268353": "sg-03b16b0c54cbe2c96",
                            "source_security_group": "691037112994/allow-ssh",
                            "source_security_group_id": "sg-03b16b0c54cbe2c96",
                            "subnets.#": "1",
                            "subnets.463455721": "subnet-037a885c221914540",
                            "tags.%": "1",
                            "tags.Name": "my-elb-web",
                            "zone_id": "ZP97RAFLXTNZK"
                        },
                        "meta": {},
                        "tainted": false
                    },
                    "deposed": [],
                    "provider": "provider.aws"
                },
                "aws_instance.jump": {
                    "type": "aws_instance",
                    "depends_on": [
                        "aws_key_pair.mykey",
                        "aws_security_group.allow-ssh",
                        "aws_subnet.auth-poc-public"
                    ],
                    "primary": {
                        "id": "i-07e4207a3514ac1fa",
                        "attributes": {
                            "ami": "ami-0912f71e06545ad88",
                            "arn": "arn:aws:ec2:ap-south-1:691037112994:instance/i-07e4207a3514ac1fa",
                            "associate_public_ip_address": "true",
                            "availability_zone": "ap-south-1a",
                            "cpu_core_count": "1",
                            "cpu_threads_per_core": "1",
                            "credit_specification.#": "1",
                            "credit_specification.0.cpu_credits": "standard",
                            "disable_api_termination": "false",
                            "ebs_block_device.#": "0",
                            "ebs_optimized": "false",
                            "ephemeral_block_device.#": "0",
                            "get_password_data": "false",
                            "iam_instance_profile": "",
                            "id": "i-07e4207a3514ac1fa",
                            "instance_state": "running",
                            "instance_type": "t2.micro",
                            "ipv6_address_count": "0",
                            "ipv6_addresses.#": "0",
                            "key_name": "mykey",
                            "monitoring": "false",
                            "network_interface.#": "0",
                            "password_data": "",
                            "placement_group": "",
                            "primary_network_interface_id": "eni-0994295dc4f10c687",
                            "private_dns": "ip-10-0-1-25.ap-south-1.compute.internal",
                            "private_ip": "10.0.1.25",
                            "public_dns": "ec2-13-232-50-107.ap-south-1.compute.amazonaws.com",
                            "public_ip": "13.232.50.107",
                            "root_block_device.#": "1",
                            "root_block_device.0.delete_on_termination": "true",
                            "root_block_device.0.encrypted": "false",
                            "root_block_device.0.iops": "100",
                            "root_block_device.0.kms_key_id": "",
                            "root_block_device.0.volume_id": "vol-09e715ab7c3087e10",
                            "root_block_device.0.volume_size": "8",
                            "root_block_device.0.volume_type": "gp2",
                            "security_groups.#": "0",
                            "source_dest_check": "true",
                            "subnet_id": "subnet-0939d09dd7f605157",
                            "tags.%": "1",
                            "tags.Name": "Jump",
                            "tenancy": "default",
                            "volume_tags.%": "0",
                            "vpc_security_group_ids.#": "1",
                            "vpc_security_group_ids.3069268353": "sg-03b16b0c54cbe2c96"
                        },
                        "meta": {
                            "e2bfb730-ecaa-11e6-8f88-34363bc7c4c0": {
                                "create": 600000000000,
                                "delete": 1200000000000,
                                "update": 600000000000
                            },
                            "schema_version": "1"
                        },
                        "tainted": false
                    },
                    "deposed": [],
                    "provider": "provider.aws"
                },
                "aws_internet_gateway.auth-poc-gw": {
                    "type": "aws_internet_gateway",
                    "depends_on": [
                        "aws_vpc.auth-poc"
                    ],
                    "primary": {
                        "id": "igw-01217a0796ae1cf25",
                        "attributes": {
                            "id": "igw-01217a0796ae1cf25",
                            "owner_id": "691037112994",
                            "tags.%": "1",
                            "tags.Name": "auth-poc-gw",
                            "vpc_id": "vpc-0966aeb826c8bd14b"
                        },
                        "meta": {},
                        "tainted": false
                    },
                    "deposed": [],
                    "provider": "provider.aws"
                },
                "aws_key_pair.mykey": {
                    "type": "aws_key_pair",
                    "depends_on": [],
                    "primary": {
                        "id": "mykey",
                        "attributes": {
                            "fingerprint": "42:02:29:80:9f:f3:a9:8a:c1:32:17:e5:b3:7c:00:3a",
                            "id": "mykey",
                            "key_name": "mykey",
                            "public_key": "ssh-rsa AAAAB3NzaC1yc2EAAAADAQABAAABAQC7/iOXsnaTc/CsEwPCkdJMQ78kv41lls1zAao5iNwIZ0WvrcDxxs0jtYsvxW8LfGJX1J5AXlNX+kC8P45/KgxoZG6RWErlwzF1wqLOwUh0VaWSjyVh7XOOVD/crL2yjXz7dIVE9RVCKsLTgA7TLIPlr5sLHQydpTsqulZoIUC8VcPk8C8KeDk9vtW70nlxF4dQWILjQww3HxvaDngz4Sb+RiaeR356nsezeqnwoy6OCP6nDPBQQ3OsdVM6wYqjw6TEtuU4XtEBRbvN3Rv2KSzeJ7OIyB6CzT9CBksz6MZcEyXALVLm6YAix9YqRs9FnqyRf0Tv3Pa1WLnZlaS0a6ib root@c3des351.prodapt.com"
                        },
                        "meta": {
                            "schema_version": "1"
                        },
                        "tainted": false
                    },
                    "deposed": [],
                    "provider": "provider.aws"
                },
                "aws_launch_configuration.auth-poc-launchconfig-web": {
                    "type": "aws_launch_configuration",
                    "depends_on": [
                        "aws_key_pair.mykey",
                        "aws_security_group.allow-ssh"
                    ],
                    "primary": {
                        "id": "auth-poc-launchconfig-web20191028194606933500000001",
                        "attributes": {
                            "associate_public_ip_address": "false",
                            "ebs_block_device.#": "0",
                            "ebs_optimized": "false",
                            "enable_monitoring": "true",
                            "ephemeral_block_device.#": "0",
                            "iam_instance_profile": "",
                            "id": "auth-poc-launchconfig-web20191028194606933500000001",
                            "image_id": "ami-0912f71e06545ad88",
                            "instance_type": "t2.micro",
                            "key_name": "mykey",
                            "name": "auth-poc-launchconfig-web20191028194606933500000001",
                            "name_prefix": "auth-poc-launchconfig-web",
                            "root_block_device.#": "0",
                            "security_groups.#": "1",
                            "security_groups.3069268353": "sg-03b16b0c54cbe2c96",
                            "spot_price": "",
                            "vpc_classic_link_id": "",
                            "vpc_classic_link_security_groups.#": "0"
                        },
                        "meta": {},
                        "tainted": false
                    },
                    "deposed": [],
                    "provider": "provider.aws"
                },
                "aws_nat_gateway.auth-poc-nat-gw": {
                    "type": "aws_nat_gateway",
                    "depends_on": [
                        "aws_eip.auth-poc-nat",
                        "aws_internet_gateway.auth-poc-gw",
                        "aws_subnet.auth-poc-public"
                    ],
                    "primary": {
                        "id": "nat-01c80f8b508519139",
                        "attributes": {
                            "allocation_id": "eipalloc-0c41173e886fc816c",
                            "id": "nat-01c80f8b508519139",
                            "network_interface_id": "eni-01a9b5094a9c86f68",
                            "private_ip": "10.0.1.232",
                            "public_ip": "13.235.10.119",
                            "subnet_id": "subnet-0939d09dd7f605157",
                            "tags.%": "0"
                        },
                        "meta": {},
                        "tainted": false
                    },
                    "deposed": [],
                    "provider": "provider.aws"
                },
                "aws_route_table.auth-poc-private": {
                    "type": "aws_route_table",
                    "depends_on": [
                        "aws_nat_gateway.auth-poc-nat-gw",
                        "aws_vpc.auth-poc"
                    ],
                    "primary": {
                        "id": "rtb-0706b36e1d1055cb7",
                        "attributes": {
                            "id": "rtb-0706b36e1d1055cb7",
                            "owner_id": "691037112994",
                            "propagating_vgws.#": "0",
                            "route.#": "1",
                            "route.1935809081.cidr_block": "0.0.0.0/0",
                            "route.1935809081.egress_only_gateway_id": "",
                            "route.1935809081.gateway_id": "",
                            "route.1935809081.instance_id": "",
                            "route.1935809081.ipv6_cidr_block": "",
                            "route.1935809081.nat_gateway_id": "nat-01c80f8b508519139",
                            "route.1935809081.network_interface_id": "",
                            "route.1935809081.transit_gateway_id": "",
                            "route.1935809081.vpc_peering_connection_id": "",
                            "tags.%": "1",
                            "tags.Name": "auth-poc-private",
                            "vpc_id": "vpc-0966aeb826c8bd14b"
                        },
                        "meta": {},
                        "tainted": false
                    },
                    "deposed": [],
                    "provider": "provider.aws"
                },
                "aws_route_table.auth-poc-public": {
                    "type": "aws_route_table",
                    "depends_on": [
                        "aws_internet_gateway.auth-poc-gw",
                        "aws_vpc.auth-poc"
                    ],
                    "primary": {
                        "id": "rtb-0d51b4bcca1ce4c5d",
                        "attributes": {
                            "id": "rtb-0d51b4bcca1ce4c5d",
                            "owner_id": "691037112994",
                            "propagating_vgws.#": "0",
                            "route.#": "1",
                            "route.2750230579.cidr_block": "0.0.0.0/0",
                            "route.2750230579.egress_only_gateway_id": "",
                            "route.2750230579.gateway_id": "igw-01217a0796ae1cf25",
                            "route.2750230579.instance_id": "",
                            "route.2750230579.ipv6_cidr_block": "",
                            "route.2750230579.nat_gateway_id": "",
                            "route.2750230579.network_interface_id": "",
                            "route.2750230579.transit_gateway_id": "",
                            "route.2750230579.vpc_peering_connection_id": "",
                            "tags.%": "1",
                            "tags.Name": "auth-poc-public",
                            "vpc_id": "vpc-0966aeb826c8bd14b"
                        },
                        "meta": {},
                        "tainted": false
                    },
                    "deposed": [],
                    "provider": "provider.aws"
                },
                "aws_route_table_association.auth-poc-public": {
                    "type": "aws_route_table_association",
                    "depends_on": [
                        "aws_route_table.auth-poc-public",
                        "aws_subnet.auth-poc-public"
                    ],
                    "primary": {
                        "id": "rtbassoc-050a51032dbe5ca13",
                        "attributes": {
                            "id": "rtbassoc-050a51032dbe5ca13",
                            "route_table_id": "rtb-0d51b4bcca1ce4c5d",
                            "subnet_id": "subnet-0939d09dd7f605157"
                        },
                        "meta": {},
                        "tainted": false
                    },
                    "deposed": [],
                    "provider": "provider.aws"
                },
                "aws_route_table_association.moonshot-private-web": {
                    "type": "aws_route_table_association",
                    "depends_on": [
                        "aws_route_table.auth-poc-private",
                        "aws_subnet.auth-poc-private"
                    ],
                    "primary": {
                        "id": "rtbassoc-06b4b3bdbef08964d",
                        "attributes": {
                            "id": "rtbassoc-06b4b3bdbef08964d",
                            "route_table_id": "rtb-0706b36e1d1055cb7",
                            "subnet_id": "subnet-037a885c221914540"
                        },
                        "meta": {},
                        "tainted": false
                    },
                    "deposed": [],
                    "provider": "provider.aws"
                },
                "aws_security_group.allow-ssh": {
                    "type": "aws_security_group",
                    "depends_on": [
                        "aws_vpc.auth-poc"
                    ],
                    "primary": {
                        "id": "sg-03b16b0c54cbe2c96",
                        "attributes": {
                            "arn": "arn:aws:ec2:ap-south-1:691037112994:security-group/sg-03b16b0c54cbe2c96",
                            "description": "security group that allows ssh and all egress traffic",
                            "egress.#": "1",
                            "egress.482069346.cidr_blocks.#": "1",
                            "egress.482069346.cidr_blocks.0": "0.0.0.0/0",
                            "egress.482069346.description": "",
                            "egress.482069346.from_port": "0",
                            "egress.482069346.ipv6_cidr_blocks.#": "0",
                            "egress.482069346.prefix_list_ids.#": "0",
                            "egress.482069346.protocol": "-1",
                            "egress.482069346.security_groups.#": "0",
                            "egress.482069346.self": "false",
                            "egress.482069346.to_port": "0",
                            "id": "sg-03b16b0c54cbe2c96",
                            "ingress.#": "2",
                            "ingress.2214680975.cidr_blocks.#": "1",
                            "ingress.2214680975.cidr_blocks.0": "0.0.0.0/0",
                            "ingress.2214680975.description": "",
                            "ingress.2214680975.from_port": "80",
                            "ingress.2214680975.ipv6_cidr_blocks.#": "0",
                            "ingress.2214680975.prefix_list_ids.#": "0",
                            "ingress.2214680975.protocol": "tcp",
                            "ingress.2214680975.security_groups.#": "0",
                            "ingress.2214680975.self": "false",
                            "ingress.2214680975.to_port": "80",
                            "ingress.2541437006.cidr_blocks.#": "1",
                            "ingress.2541437006.cidr_blocks.0": "0.0.0.0/0",
                            "ingress.2541437006.description": "",
                            "ingress.2541437006.from_port": "22",
                            "ingress.2541437006.ipv6_cidr_blocks.#": "0",
                            "ingress.2541437006.prefix_list_ids.#": "0",
                            "ingress.2541437006.protocol": "tcp",
                            "ingress.2541437006.security_groups.#": "0",
                            "ingress.2541437006.self": "false",
                            "ingress.2541437006.to_port": "22",
                            "name": "allow-ssh",
                            "owner_id": "691037112994",
                            "revoke_rules_on_delete": "false",
                            "tags.%": "1",
                            "tags.Name": "allow-ssh",
                            "vpc_id": "vpc-0966aeb826c8bd14b"
                        },
                        "meta": {
                            "e2bfb730-ecaa-11e6-8f88-34363bc7c4c0": {
                                "create": 600000000000,
                                "delete": 600000000000
                            },
                            "schema_version": "1"
                        },
                        "tainted": false
                    },
                    "deposed": [],
                    "provider": "provider.aws"
                },
                "aws_subnet.auth-poc-private": {
                    "type": "aws_subnet",
                    "depends_on": [
                        "aws_vpc.auth-poc"
                    ],
                    "primary": {
                        "id": "subnet-037a885c221914540",
                        "attributes": {
                            "arn": "arn:aws:ec2:ap-south-1:691037112994:subnet/subnet-037a885c221914540",
                            "assign_ipv6_address_on_creation": "false",
                            "availability_zone": "ap-south-1a",
                            "availability_zone_id": "aps1-az1",
                            "cidr_block": "10.0.2.0/24",
                            "id": "subnet-037a885c221914540",
                            "ipv6_cidr_block": "",
                            "ipv6_cidr_block_association_id": "",
                            "map_public_ip_on_launch": "false",
                            "owner_id": "691037112994",
                            "tags.%": "1",
                            "tags.Name": "auth-poc-private",
                            "vpc_id": "vpc-0966aeb826c8bd14b"
                        },
                        "meta": {
                            "e2bfb730-ecaa-11e6-8f88-34363bc7c4c0": {
                                "create": 600000000000,
                                "delete": 1200000000000
                            },
                            "schema_version": "1"
                        },
                        "tainted": false
                    },
                    "deposed": [],
                    "provider": "provider.aws"
                },
                "aws_subnet.auth-poc-public": {
                    "type": "aws_subnet",
                    "depends_on": [
                        "aws_vpc.auth-poc"
                    ],
                    "primary": {
                        "id": "subnet-0939d09dd7f605157",
                        "attributes": {
                            "arn": "arn:aws:ec2:ap-south-1:691037112994:subnet/subnet-0939d09dd7f605157",
                            "assign_ipv6_address_on_creation": "false",
                            "availability_zone": "ap-south-1a",
                            "availability_zone_id": "aps1-az1",
                            "cidr_block": "10.0.1.0/24",
                            "id": "subnet-0939d09dd7f605157",
                            "ipv6_cidr_block": "",
                            "ipv6_cidr_block_association_id": "",
                            "map_public_ip_on_launch": "true",
                            "owner_id": "691037112994",
                            "tags.%": "1",
                            "tags.Name": "auth-poc-public",
                            "vpc_id": "vpc-0966aeb826c8bd14b"
                        },
                        "meta": {
                            "e2bfb730-ecaa-11e6-8f88-34363bc7c4c0": {
                                "create": 600000000000,
                                "delete": 1200000000000
                            },
                            "schema_version": "1"
                        },
                        "tainted": false
                    },
                    "deposed": [],
                    "provider": "provider.aws"
                },
                "aws_vpc.auth-poc": {
                    "type": "aws_vpc",
                    "depends_on": [],
                    "primary": {
                        "id": "vpc-0966aeb826c8bd14b",
                        "attributes": {
                            "arn": "arn:aws:ec2:ap-south-1:691037112994:vpc/vpc-0966aeb826c8bd14b",
                            "assign_generated_ipv6_cidr_block": "false",
                            "cidr_block": "10.0.0.0/16",
                            "default_network_acl_id": "acl-0bcd23b6d6262ee74",
                            "default_route_table_id": "rtb-025476e91d220d0b7",
                            "default_security_group_id": "sg-0e1e178b236a0fb41",
                            "dhcp_options_id": "dopt-49c62b22",
                            "enable_classiclink": "false",
                            "enable_dns_hostnames": "true",
                            "enable_dns_support": "true",
                            "id": "vpc-0966aeb826c8bd14b",
                            "instance_tenancy": "default",
                            "ipv6_association_id": "",
                            "ipv6_cidr_block": "",
                            "main_route_table_id": "rtb-025476e91d220d0b7",
                            "owner_id": "691037112994",
                            "tags.%": "1",
                            "tags.Name": "auth-poc"
                        },
                        "meta": {
                            "schema_version": "1"
                        },
                        "tainted": false
                    },
                    "deposed": [],
                    "provider": "provider.aws"
                },
                "data.aws_availability_zones.all": {
                    "type": "aws_availability_zones",
                    "depends_on": [],
                    "primary": {
                        "id": "2019-10-28 19:45:24.933091387 +0000 UTC",
                        "attributes": {
                            "id": "2019-10-28 19:45:24.933091387 +0000 UTC",
                            "names.#": "3",
                            "names.0": "ap-south-1a",
                            "names.1": "ap-south-1b",
                            "names.2": "ap-south-1c",
                            "zone_ids.#": "3",
                            "zone_ids.0": "aps1-az1",
                            "zone_ids.1": "aps1-az3",
                            "zone_ids.2": "aps1-az2"
                        },
                        "meta": {},
                        "tainted": false
                    },
                    "deposed": [],
                    "provider": "provider.aws"
                }
            },
            "depends_on": []
        }
    ]
}
